// !$*UTF8*$!
{
	archiveVersion = 1;
	classes = {
	};
	objectVersion = 46;
	objects = {

/* Begin PBXBuildFile section */
		3251F05F7A6EE71EACC6F43C /* libPods-HitTest.a in Frameworks */ = {isa = PBXBuildFile; fileRef = CFA39B6EB8D5244E5EBE5A68 /* libPods-HitTest.a */; };
		71680B081D29F53900A74EA7 /* main.m in Sources */ = {isa = PBXBuildFile; fileRef = 71680B071D29F53900A74EA7 /* main.m */; };
		71680B0B1D29F53900A74EA7 /* AppDelegate.m in Sources */ = {isa = PBXBuildFile; fileRef = 71680B0A1D29F53900A74EA7 /* AppDelegate.m */; };
		71680B0E1D29F53900A74EA7 /* MainViewController.m in Sources */ = {isa = PBXBuildFile; fileRef = 71680B0D1D29F53900A74EA7 /* MainViewController.m */; };
		71680B131D29F53900A74EA7 /* Assets.xcassets in Resources */ = {isa = PBXBuildFile; fileRef = 71680B121D29F53900A74EA7 /* Assets.xcassets */; };
		71680B161D29F53900A74EA7 /* LaunchScreen.storyboard in Resources */ = {isa = PBXBuildFile; fileRef = 71680B141D29F53900A74EA7 /* LaunchScreen.storyboard */; };
		71680B231D29FA4300A74EA7 /* HitTestView.m in Sources */ = {isa = PBXBuildFile; fileRef = 71680B221D29FA4300A74EA7 /* HitTestView.m */; };
		71DFE72C1D2BABC6008F69F9 /* RewriteTopViewController.m in Sources */ = {isa = PBXBuildFile; fileRef = 71DFE72A1D2BABC6008F69F9 /* RewriteTopViewController.m */; };
		71DFE72D1D2BABC6008F69F9 /* RewriteTopViewController.xib in Resources */ = {isa = PBXBuildFile; fileRef = 71DFE72B1D2BABC6008F69F9 /* RewriteTopViewController.xib */; };
		71DFE7311D2BACA0008F69F9 /* RewriteView.m in Sources */ = {isa = PBXBuildFile; fileRef = 71DFE7301D2BACA0008F69F9 /* RewriteView.m */; };
		71DFE7351D2BB16A008F69F9 /* RewriteSuperViewController.m in Sources */ = {isa = PBXBuildFile; fileRef = 71DFE7331D2BB16A008F69F9 /* RewriteSuperViewController.m */; };
		71DFE7361D2BB16A008F69F9 /* RewriteSuperViewController.xib in Resources */ = {isa = PBXBuildFile; fileRef = 71DFE7341D2BB16A008F69F9 /* RewriteSuperViewController.xib */; };
		71DFE73A1D2BB1AE008F69F9 /* RewriteSuperView.m in Sources */ = {isa = PBXBuildFile; fileRef = 71DFE7391D2BB1AE008F69F9 /* RewriteSuperView.m */; };
/* End PBXBuildFile section */

/* Begin PBXFileReference section */
		71680B031D29F53900A74EA7 /* HitTest.app */ = {isa = PBXFileReference; explicitFileType = wrapper.application; includeInIndex = 0; path = HitTest.app; sourceTree = BUILT_PRODUCTS_DIR; };
		71680B071D29F53900A74EA7 /* main.m */ = {isa = PBXFileReference; lastKnownFileType = sourcecode.c.objc; path = main.m; sourceTree = "<group>"; };
		71680B091D29F53900A74EA7 /* AppDelegate.h */ = {isa = PBXFileReference; lastKnownFileType = sourcecode.c.h; path = AppDelegate.h; sourceTree = "<group>"; };
		71680B0A1D29F53900A74EA7 /* AppDelegate.m */ = {isa = PBXFileReference; lastKnownFileType = sourcecode.c.objc; path = AppDelegate.m; sourceTree = "<group>"; };
		71680B0C1D29F53900A74EA7 /* MainViewController.h */ = {isa = PBXFileReference; lastKnownFileType = sourcecode.c.h; path = MainViewController.h; sourceTree = "<group>"; };
		71680B0D1D29F53900A74EA7 /* MainViewController.m */ = {isa = PBXFileReference; lastKnownFileType = sourcecode.c.objc; path = MainViewController.m; sourceTree = "<group>"; };
		71680B121D29F53900A74EA7 /* Assets.xcassets */ = {isa = PBXFileReference; lastKnownFileType = folder.assetcatalog; path = Assets.xcassets; sourceTree = "<group>"; };
		71680B151D29F53900A74EA7 /* Base */ = {isa = PBXFileReference; lastKnownFileType = file.storyboard; name = Base; path = Base.lproj/LaunchScreen.storyboard; sourceTree = "<group>"; };
		71680B171D29F53900A74EA7 /* Info.plist */ = {isa = PBXFileReference; lastKnownFileType = text.plist.xml; path = Info.plist; sourceTree = "<group>"; };
		71680B211D29FA4300A74EA7 /* HitTestView.h */ = {isa = PBXFileReference; fileEncoding = 4; lastKnownFileType = sourcecode.c.h; path = HitTestView.h; sourceTree = "<group>"; };
		71680B221D29FA4300A74EA7 /* HitTestView.m */ = {isa = PBXFileReference; fileEncoding = 4; lastKnownFileType = sourcecode.c.objc; path = HitTestView.m; sourceTree = "<group>"; };
		71DFE7291D2BABC6008F69F9 /* RewriteTopViewController.h */ = {isa = PBXFileReference; fileEncoding = 4; lastKnownFileType = sourcecode.c.h; path = RewriteTopViewController.h; sourceTree = "<group>"; };
		71DFE72A1D2BABC6008F69F9 /* RewriteTopViewController.m */ = {isa = PBXFileReference; fileEncoding = 4; lastKnownFileType = sourcecode.c.objc; path = RewriteTopViewController.m; sourceTree = "<group>"; };
		71DFE72B1D2BABC6008F69F9 /* RewriteTopViewController.xib */ = {isa = PBXFileReference; fileEncoding = 4; lastKnownFileType = file.xib; path = RewriteTopViewController.xib; sourceTree = "<group>"; };
		71DFE72F1D2BACA0008F69F9 /* RewriteView.h */ = {isa = PBXFileReference; fileEncoding = 4; lastKnownFileType = sourcecode.c.h; path = RewriteView.h; sourceTree = "<group>"; };
		71DFE7301D2BACA0008F69F9 /* RewriteView.m */ = {isa = PBXFileReference; fileEncoding = 4; lastKnownFileType = sourcecode.c.objc; path = RewriteView.m; sourceTree = "<group>"; };
		71DFE7321D2BB16A008F69F9 /* RewriteSuperViewController.h */ = {isa = PBXFileReference; fileEncoding = 4; lastKnownFileType = sourcecode.c.h; path = RewriteSuperViewController.h; sourceTree = "<group>"; };
		71DFE7331D2BB16A008F69F9 /* RewriteSuperViewController.m */ = {isa = PBXFileReference; fileEncoding = 4; lastKnownFileType = sourcecode.c.objc; path = RewriteSuperViewController.m; sourceTree = "<group>"; };
		71DFE7341D2BB16A008F69F9 /* RewriteSuperViewController.xib */ = {isa = PBXFileReference; fileEncoding = 4; lastKnownFileType = file.xib; path = RewriteSuperViewController.xib; sourceTree = "<group>"; };
		71DFE7381D2BB1AE008F69F9 /* RewriteSuperView.h */ = {isa = PBXFileReference; fileEncoding = 4; lastKnownFileType = sourcecode.c.h; path = RewriteSuperView.h; sourceTree = "<group>"; };
		71DFE7391D2BB1AE008F69F9 /* RewriteSuperView.m */ = {isa = PBXFileReference; fileEncoding = 4; lastKnownFileType = sourcecode.c.objc; path = RewriteSuperView.m; sourceTree = "<group>"; };
		A61856C0F137E33D60A23EA5 /* Pods-HitTest.debug.xcconfig */ = {isa = PBXFileReference; includeInIndex = 1; lastKnownFileType = text.xcconfig; name = "Pods-HitTest.debug.xcconfig"; path = "Pods/Target Support Files/Pods-HitTest/Pods-HitTest.debug.xcconfig"; sourceTree = "<group>"; };
		CFA39B6EB8D5244E5EBE5A68 /* libPods-HitTest.a */ = {isa = PBXFileReference; explicitFileType = archive.ar; includeInIndex = 0; path = "libPods-HitTest.a"; sourceTree = BUILT_PRODUCTS_DIR; };
		F9F926C75A1038A5749F7720 /* Pods-HitTest.release.xcconfig */ = {isa = PBXFileReference; includeInIndex = 1; lastKnownFileType = text.xcconfig; name = "Pods-HitTest.release.xcconfig"; path = "Pods/Target Support Files/Pods-HitTest/Pods-HitTest.release.xcconfig"; sourceTree = "<group>"; };
/* End PBXFileReference section */

/* Begin PBXFrameworksBuildPhase section */
		71680B001D29F53900A74EA7 /* Frameworks */ = {
			isa = PBXFrameworksBuildPhase;
			buildActionMask = 2147483647;
			files = (
				3251F05F7A6EE71EACC6F43C /* libPods-HitTest.a in Frameworks */,
			);
			runOnlyForDeploymentPostprocessing = 0;
		};
/* End PBXFrameworksBuildPhase section */

/* Begin PBXGroup section */
		71680AFA1D29F53900A74EA7 = {
			isa = PBXGroup;
			children = (
				71680B051D29F53900A74EA7 /* HitTest */,
				71680B041D29F53900A74EA7 /* Products */,
				E36A4BABD7BFE92D46320E7A /* Pods */,
				B8604AB729309342665E93C5 /* Frameworks */,
			);
			sourceTree = "<group>";
		};
		71680B041D29F53900A74EA7 /* Products */ = {
			isa = PBXGroup;
			children = (
				71680B031D29F53900A74EA7 /* HitTest.app */,
			);
			name = Products;
			sourceTree = "<group>";
		};
		71680B051D29F53900A74EA7 /* HitTest */ = {
			isa = PBXGroup;
			children = (
				71DFE7281D2BA835008F69F9 /* 重写父视图 */,
				71DFE7271D2BA813008F69F9 /* 重写顶部视图 */,
				71680B1D1D29F82900A74EA7 /* View */,
				71680B091D29F53900A74EA7 /* AppDelegate.h */,
				71680B0A1D29F53900A74EA7 /* AppDelegate.m */,
				71680B0C1D29F53900A74EA7 /* MainViewController.h */,
				71680B0D1D29F53900A74EA7 /* MainViewController.m */,
				71680B121D29F53900A74EA7 /* Assets.xcassets */,
				71680B141D29F53900A74EA7 /* LaunchScreen.storyboard */,
				71680B171D29F53900A74EA7 /* Info.plist */,
				71680B061D29F53900A74EA7 /* Supporting Files */,
			);
			path = HitTest;
			sourceTree = "<group>";
		};
		71680B061D29F53900A74EA7 /* Supporting Files */ = {
			isa = PBXGroup;
			children = (
				71680B071D29F53900A74EA7 /* main.m */,
			);
			name = "Supporting Files";
			sourceTree = "<group>";
		};
		71680B1D1D29F82900A74EA7 /* View */ = {
			isa = PBXGroup;
			children = (
				71680B211D29FA4300A74EA7 /* HitTestView.h */,
				71680B221D29FA4300A74EA7 /* HitTestView.m */,
			);
			name = View;
			sourceTree = "<group>";
		};
		71DFE7271D2BA813008F69F9 /* 重写顶部视图 */ = {
			isa = PBXGroup;
			children = (
				71DFE72E1D2BAC7F008F69F9 /* View */,
				71DFE7291D2BABC6008F69F9 /* RewriteTopViewController.h */,
				71DFE72A1D2BABC6008F69F9 /* RewriteTopViewController.m */,
				71DFE72B1D2BABC6008F69F9 /* RewriteTopViewController.xib */,
			);
			name = "重写顶部视图";
			sourceTree = "<group>";
		};
		71DFE7281D2BA835008F69F9 /* 重写父视图 */ = {
			isa = PBXGroup;
			children = (
				71DFE7371D2BB179008F69F9 /* View */,
				71DFE7321D2BB16A008F69F9 /* RewriteSuperViewController.h */,
				71DFE7331D2BB16A008F69F9 /* RewriteSuperViewController.m */,
				71DFE7341D2BB16A008F69F9 /* RewriteSuperViewController.xib */,
			);
			name = "重写父视图";
			sourceTree = "<group>";
		};
		71DFE72E1D2BAC7F008F69F9 /* View */ = {
			isa = PBXGroup;
			children = (
				71DFE72F1D2BACA0008F69F9 /* RewriteView.h */,
				71DFE7301D2BACA0008F69F9 /* RewriteView.m */,
			);
			name = View;
			sourceTree = "<group>";
		};
		71DFE7371D2BB179008F69F9 /* View */ = {
			isa = PBXGroup;
			children = (
				71DFE7381D2BB1AE008F69F9 /* RewriteSuperView.h */,
				71DFE7391D2BB1AE008F69F9 /* RewriteSuperView.m */,
			);
			name = View;
			sourceTree = "<group>";
		};
		B8604AB729309342665E93C5 /* Frameworks */ = {
			isa = PBXGroup;
			children = (
				CFA39B6EB8D5244E5EBE5A68 /* libPods-HitTest.a */,
			);
			name = Frameworks;
			sourceTree = "<group>";
		};
		E36A4BABD7BFE92D46320E7A /* Pods */ = {
			isa = PBXGroup;
			children = (
				A61856C0F137E33D60A23EA5 /* Pods-HitTest.debug.xcconfig */,
				F9F926C75A1038A5749F7720 /* Pods-HitTest.release.xcconfig */,
			);
			name = Pods;
			sourceTree = "<group>";
		};
/* End PBXGroup section */

/* Begin PBXNativeTarget section */
		71680B021D29F53900A74EA7 /* HitTest */ = {
			isa = PBXNativeTarget;
			buildConfigurationList = 71680B1A1D29F53900A74EA7 /* Build configuration list for PBXNativeTarget "HitTest" */;
			buildPhases = (
				23947BAB04E5E341DFE8FCB6 /* [CP] Check Pods Manifest.lock */,
				71680AFF1D29F53900A74EA7 /* Sources */,
				71680B001D29F53900A74EA7 /* Frameworks */,
				71680B011D29F53900A74EA7 /* Resources */,
				0777F6002430FDC938F05C7F /* [CP] Embed Pods Frameworks */,
				BA045BE500C8397798A41290 /* [CP] Copy Pods Resources */,
			);
			buildRules = (
			);
			dependencies = (
			);
			name = HitTest;
			productName = HitTest;
			productReference = 71680B031D29F53900A74EA7 /* HitTest.app */;
			productType = "com.apple.product-type.application";
		};
/* End PBXNativeTarget section */

/* Begin PBXProject section */
		71680AFB1D29F53900A74EA7 /* Project object */ = {
			isa = PBXProject;
			attributes = {
				LastUpgradeCheck = 0720;
				ORGANIZATIONNAME = chenyufengweb;
				TargetAttributes = {
					71680B021D29F53900A74EA7 = {
						CreatedOnToolsVersion = 7.2;
					};
				};
			};
			buildConfigurationList = 71680AFE1D29F53900A74EA7 /* Build configuration list for PBXProject "HitTest" */;
			compatibilityVersion = "Xcode 3.2";
			developmentRegion = English;
			hasScannedForEncodings = 0;
			knownRegions = (
				en,
				Base,
			);
			mainGroup = 71680AFA1D29F53900A74EA7;
			productRefGroup = 71680B041D29F53900A74EA7 /* Products */;
			projectDirPath = "";
			projectRoot = "";
			targets = (
				71680B021D29F53900A74EA7 /* HitTest */,
			);
		};
/* End PBXProject section */

/* Begin PBXResourcesBuildPhase section */
		71680B011D29F53900A74EA7 /* Resources */ = {
			isa = PBXResourcesBuildPhase;
			buildActionMask = 2147483647;
			files = (
				71680B161D29F53900A74EA7 /* LaunchScreen.storyboard in Resources */,
				71DFE72D1D2BABC6008F69F9 /* RewriteTopViewController.xib in Resources */,
				71680B131D29F53900A74EA7 /* Assets.xcassets in Resources */,
				71DFE7361D2BB16A008F69F9 /* RewriteSuperViewController.xib in Resources */,
			);
			runOnlyForDeploymentPostprocessing = 0;
		};
/* End PBXResourcesBuildPhase section */

/* Begin PBXShellScriptBuildPhase section */
		0777F6002430FDC938F05C7F /* [CP] Embed Pods Frameworks */ = {
			isa = PBXShellScriptBuildPhase;
			buildActionMask = 2147483647;
			files = (
			);
			inputPaths = (
			);
			name = "[CP] Embed Pods Frameworks";
			outputPaths = (
			);
			runOnlyForDeploymentPostprocessing = 0;
			shellPath = /bin/sh;
			shellScript = "\"${SRCROOT}/Pods/Target Support Files/Pods-HitTest/Pods-HitTest-frameworks.sh\"\n";
			showEnvVarsInLog = 0;
		};
		23947BAB04E5E341DFE8FCB6 /* [CP] Check Pods Manifest.lock */ = {
			isa = PBXShellScriptBuildPhase;
			buildActionMask = 2147483647;
			files = (
			);
			inputPaths = (
			);
			name = "[CP] Check Pods Manifest.lock";
			outputPaths = (
			);
			runOnlyForDeploymentPostprocessing = 0;
			shellPath = /bin/sh;
			shellScript = "diff \"${PODS_ROOT}/../Podfile.lock\" \"${PODS_ROOT}/Manifest.lock\" > /dev/null\nif [[ $? != 0 ]] ; then\n    cat << EOM\nerror: The sandbox is not in sync with the Podfile.lock. Run 'pod install' or update your CocoaPods installation.\nEOM\n    exit 1\nfi\n";
			showEnvVarsInLog = 0;
		};
		BA045BE500C8397798A41290 /* [CP] Copy Pods Resources */ = {
			isa = PBXShellScriptBuildPhase;
			buildActionMask = 2147483647;
			files = (
			);
			inputPaths = (
			);
			name = "[CP] Copy Pods Resources";
			outputPaths = (
			);
			runOnlyForDeploymentPostprocessing = 0;
			shellPath = /bin/sh;
			shellScript = "\"${SRCROOT}/Pods/Target Support Files/Pods-HitTest/Pods-HitTest-resources.sh\"\n";
			showEnvVarsInLog = 0;
		};
/* End PBXShellScriptBuildPhase section */

/* Begin PBXSourcesBuildPhase section */
		71680AFF1D29F53900A74EA7 /* Sources */ = {
			isa = PBXSourcesBuildPhase;
			buildActionMask = 2147483647;
			files = (
				71680B0E1D29F53900A74EA7 /* MainViewController.m in Sources */,
				71DFE73A1D2BB1AE008F69F9 /* RewriteSuperView.m in Sources */,
				71680B0B1D29F53900A74EA7 /* AppDelegate.m in Sources */,
				71680B231D29FA4300A74EA7 /* HitTestView.m in Sources */,
				71DFE7311D2BACA0008F69F9 /* RewriteView.m in Sources */,
				71DFE7351D2BB16A008F69F9 /* RewriteSuperViewController.m in Sources */,
				71DFE72C1D2BABC6008F69F9 /* RewriteTopViewController.m in Sources */,
				71680B081D29F53900A74EA7 /* main.m in Sources */,
			);
			runOnlyForDeploymentPostprocessing = 0;
		};
/* End PBXSourcesBuildPhase section */

/* Begin PBXVariantGroup section */
		71680B141D29F53900A74EA7 /* LaunchScreen.storyboard */ = {
			isa = PBXVariantGroup;
			children = (
				71680B151D29F53900A74EA7 /* Base */,
			);
			name = LaunchScreen.storyboard;
			sourceTree = "<group>";
		};
/* End PBXVariantGroup section */

/* Begin XCBuildConfiguration section */
		71680B181D29F53900A74EA7 /* Debug */ = {
			isa = XCBuildConfiguration;
			buildSettings = {
				ALWAYS_SEARCH_USER_PATHS = NO;
				CLANG_CXX_LANGUAGE_STANDARD = "gnu++0x";
				CLANG_CXX_LIBRARY = "libc++";
				CLANG_ENABLE_MODULES = YES;
				CLANG_ENABLE_OBJC_ARC = YES;
				CLANG_WARN_BOOL_CONVERSION = YES;
				CLANG_WARN_CONSTANT_CONVERSION = YES;
				CLANG_WARN_DIRECT_OBJC_ISA_USAGE = YES_ERROR;
				CLANG_WARN_EMPTY_BODY = YES;
				CLANG_WARN_ENUM_CONVERSION = YES;
				CLANG_WARN_INT_CONVERSION = YES;
				CLANG_WARN_OBJC_ROOT_CLASS = YES_ERROR;
				CLANG_WARN_UNREACHABLE_CODE = YES;
				CLANG_WARN__DUPLICATE_METHOD_MATCH = YES;
				"CODE_SIGN_IDENTITY[sdk=iphoneos*]" = "iPhone Developer";
				COPY_PHASE_STRIP = NO;
				DEBUG_INFORMATION_FORMAT = dwarf;
				ENABLE_STRICT_OBJC_MSGSEND = YES;
				ENABLE_TESTABILITY = YES;
				GCC_C_LANGUAGE_STANDARD = gnu99;
				GCC_DYNAMIC_NO_PIC = NO;
				GCC_NO_COMMON_BLOCKS = YES;
				GCC_OPTIMIZATION_LEVEL = 0;
				GCC_PREPROCESSOR_DEFINITIONS = (
					"DEBUG=1",
					"$(inherited)",
				);
				GCC_WARN_64_TO_32_BIT_CONVERSION = YES;
				GCC_WARN_ABOUT_RETURN_TYPE = YES_ERROR;
				GCC_WARN_UNDECLARED_SELECTOR = YES;
				GCC_WARN_UNINITIALIZED_AUTOS = YES_AGGRESSIVE;
				GCC_WARN_UNUSED_FUNCTION = YES;
				GCC_WARN_UNUSED_VARIABLE = YES;
				IPHONEOS_DEPLOYMENT_TARGET = 9.2;
				MTL_ENABLE_DEBUG_INFO = YES;
				ONLY_ACTIVE_ARCH = YES;
				SDKROOT = iphoneos;
				TARGETED_DEVICE_FAMILY = "1,2";
			};
			name = Debug;
		};
		71680B191D29F53900A74EA7 /* Release */ = {
			isa = XCBuildConfiguration;
			buildSettings = {
				ALWAYS_SEARCH_USER_PATHS = NO;
				CLANG_CXX_LANGUAGE_STANDARD = "gnu++0x";
				CLANG_CXX_LIBRARY = "libc++";
				CLANG_ENABLE_MODULES = YES;
				CLANG_ENABLE_OBJC_ARC = YES;
				CLANG_WARN_BOOL_CONVERSION = YES;
				CLANG_WARN_CONSTANT_CONVERSION = YES;
				CLANG_WARN_DIRECT_OBJC_ISA_USAGE = YES_ERROR;
				CLANG_WARN_EMPTY_BODY = YES;
				CLANG_WARN_ENUM_CONVERSION = YES;
				CLANG_WARN_INT_CONVERSION = YES;
				CLANG_WARN_OBJC_ROOT_CLASS = YES_ERROR;
				CLANG_WARN_UNREACHABLE_CODE = YES;
				CLANG_WARN__DUPLICATE_METHOD_MATCH = YES;
				"CODE_SIGN_IDENTITY[sdk=iphoneos*]" = "iPhone Developer";
				COPY_PHASE_STRIP = NO;
				DEBUG_INFORMATION_FORMAT = "dwarf-with-dsym";
				ENABLE_NS_ASSERTIONS = NO;
				ENABLE_STRICT_OBJC_MSGSEND = YES;
				GCC_C_LANGUAGE_STANDARD = gnu99;
				GCC_NO_COMMON_BLOCKS = YES;
				GCC_WARN_64_TO_32_BIT_CONVERSION = YES;
				GCC_WARN_ABOUT_RETURN_TYPE = YES_ERROR;
				GCC_WARN_UNDECLARED_SELECTOR = YES;
				GCC_WARN_UNINITIALIZED_AUTOS = YES_AGGRESSIVE;
				GCC_WARN_UNUSED_FUNCTION = YES;
				GCC_WARN_UNUSED_VARIABLE = YES;
				IPHONEOS_DEPLOYMENT_TARGET = 9.2;
				MTL_ENABLE_DEBUG_INFO = NO;
				SDKROOT = iphoneos;
				TARGETED_DEVICE_FAMILY = "1,2";
				VALIDATE_PRODUCT = YES;
			};
			name = Release;
		};
		71680B1B1D29F53900A74EA7 /* Debug */ = {
			isa = XCBuildConfiguration;
			baseConfigurationReference = A61856C0F137E33D60A23EA5 /* Pods-HitTest.debug.xcconfig */;
			buildSettings = {
				ASSETCATALOG_COMPILER_APPICON_NAME = AppIcon;
				INFOPLIST_FILE = HitTest/Info.plist;
				LD_RUNPATH_SEARCH_PATHS = "$(inherited) @executable_path/Frameworks";
				PRODUCT_BUNDLE_IDENTIFIER = com.chenyufengweb.HitTest;
				PRODUCT_NAME = "$(TARGET_NAME)";
			};
			name = Debug;
		};
		71680B1C1D29F53900A74EA7 /* Release */ = {
			isa = XCBuildConfiguration;
			baseConfigurationReference = F9F926C75A1038A5749F7720 /* Pods-HitTest.release.xcconfig */;
			buildSettings = {
				ASSETCATALOG_COMPILER_APPICON_NAME = AppIcon;
				INFOPLIST_FILE = HitTest/Info.plist;
				LD_RUNPATH_SEARCH_PATHS = "$(inherited) @executable_path/Frameworks";
				PRODUCT_BUNDLE_IDENTIFIER = com.chenyufengweb.HitTest;
				PRODUCT_NAME = "$(TARGET_NAME)";
			};
			name = Release;
		};
/* End XCBuildConfiguration section */

/* Begin XCConfigurationList section */
		71680AFE1D29F53900A74EA7 /* Build configuration list for PBXProject "HitTest" */ = {
			isa = XCConfigurationList;
			buildConfigurations = (
				71680B181D29F53900A74EA7 /* Debug */,
				71680B191D29F53900A74EA7 /* Release */,
			);
			defaultConfigurationIsVisible = 0;
			defaultConfigurationName = Release;
		};
		71680B1A1D29F53900A74EA7 /* Build configuration list for PBXNativeTarget "HitTest" */ = {
			isa = XCConfigurationList;
			buildConfigurations = (
				71680B1B1D29F53900A74EA7 /* Debug */,
				71680B1C1D29F53900A74EA7 /* Release */,
			);
			defaultConfigurationIsVisible = 0;
			defaultConfigurationName = Release;
		};
/* End XCConfigurationList section */
	};
	rootObject = 71680AFB1D29F53900A74EA7 /* Project object */;
}
